// !$*UTF8*$!
{
	archiveVersion = 1;
	classes = {
	};
	objectVersion = 50;
	objects = {

/* Begin PBXBuildFile section */
		189F07CF22C26E3400ADD3B6 /* AppDelegate.swift in Sources */ = {isa = PBXBuildFile; fileRef = 189F07CE22C26E3400ADD3B6 /* AppDelegate.swift */; };
		189F07D122C26E3400ADD3B6 /* ViewController.swift in Sources */ = {isa = PBXBuildFile; fileRef = 189F07D022C26E3400ADD3B6 /* ViewController.swift */; };
		189F07D422C26E3400ADD3B6 /* Main.storyboard in Resources */ = {isa = PBXBuildFile; fileRef = 189F07D222C26E3400ADD3B6 /* Main.storyboard */; };
		189F07D722C26E3400ADD3B6 /* view_finder_Claudia.xcdatamodeld in Sources */ = {isa = PBXBuildFile; fileRef = 189F07D522C26E3400ADD3B6 /* view_finder_Claudia.xcdatamodeld */; };
		189F07D922C26E3500ADD3B6 /* Assets.xcassets in Resources */ = {isa = PBXBuildFile; fileRef = 189F07D822C26E3500ADD3B6 /* Assets.xcassets */; };
		189F07DC22C26E3500ADD3B6 /* LaunchScreen.storyboard in Resources */ = {isa = PBXBuildFile; fileRef = 189F07DA22C26E3500ADD3B6 /* LaunchScreen.storyboard */; };
/* End PBXBuildFile section */

/* Begin PBXFileReference section */
		189F07CB22C26E3400ADD3B6 /* view_finder_Claudia.app */ = {isa = PBXFileReference; explicitFileType = wrapper.application; includeInIndex = 0; path = view_finder_Claudia.app; sourceTree = BUILT_PRODUCTS_DIR; };
		189F07CE22C26E3400ADD3B6 /* AppDelegate.swift */ = {isa = PBXFileReference; lastKnownFileType = sourcecode.swift; path = AppDelegate.swift; sourceTree = "<group>"; };
		189F07D022C26E3400ADD3B6 /* ViewController.swift */ = {isa = PBXFileReference; lastKnownFileType = sourcecode.swift; path = ViewController.swift; sourceTree = "<group>"; };
		189F07D322C26E3400ADD3B6 /* Base */ = {isa = PBXFileReference; lastKnownFileType = file.storyboard; name = Base; path = Base.lproj/Main.storyboard; sourceTree = "<group>"; };
		189F07D622C26E3400ADD3B6 /* view_finder_Claudia.xcdatamodel */ = {isa = PBXFileReference; lastKnownFileType = wrapper.xcdatamodel; path = view_finder_Claudia.xcdatamodel; sourceTree = "<group>"; };
		189F07D822C26E3500ADD3B6 /* Assets.xcassets */ = {isa = PBXFileReference; lastKnownFileType = folder.assetcatalog; path = Assets.xcassets; sourceTree = "<group>"; };
		189F07DB22C26E3500ADD3B6 /* Base */ = {isa = PBXFileReference; lastKnownFileType = file.storyboard; name = Base; path = Base.lproj/LaunchScreen.storyboard; sourceTree = "<group>"; };
		189F07DD22C26E3500ADD3B6 /* Info.plist */ = {isa = PBXFileReference; lastKnownFileType = text.plist.xml; path = Info.plist; sourceTree = "<group>"; };
/* End PBXFileReference section */

/* Begin PBXFrameworksBuildPhase section */
		189F07C822C26E3400ADD3B6 /* Frameworks */ = {
			isa = PBXFrameworksBuildPhase;
			buildActionMask = 2147483647;
			files = (
			);
			runOnlyForDeploymentPostprocessing = 0;
		};
/* End PBXFrameworksBuildPhase section */

/* Begin PBXGroup section */
		189F07C222C26E3400ADD3B6 = {
			isa = PBXGroup;
			children = (
				189F07CD22C26E3400ADD3B6 /* view_finder_Claudia */,
				189F07CC22C26E3400ADD3B6 /* Products */,
			);
			sourceTree = "<group>";
		};
		189F07CC22C26E3400ADD3B6 /* Products */ = {
			isa = PBXGroup;
			children = (
				189F07CB22C26E3400ADD3B6 /* view_finder_Claudia.app */,
			);
			name = Products;
			sourceTree = "<group>";
		};
		189F07CD22C26E3400ADD3B6 /* view_finder_Claudia */ = {
			isa = PBXGroup;
			children = (
				189F07CE22C26E3400ADD3B6 /* AppDelegate.swift */,
				189F07D022C26E3400ADD3B6 /* ViewController.swift */,
				189F07D222C26E3400ADD3B6 /* Main.storyboard */,
				189F07D822C26E3500ADD3B6 /* Assets.xcassets */,
				189F07DA22C26E3500ADD3B6 /* LaunchScreen.storyboard */,
				189F07DD22C26E3500ADD3B6 /* Info.plist */,
				189F07D522C26E3400ADD3B6 /* view_finder_Claudia.xcdatamodeld */,
			);
			path = view_finder_Claudia;
			sourceTree = "<group>";
		};
/* End PBXGroup section */

/* Begin PBXNativeTarget section */
		189F07CA22C26E3400ADD3B6 /* view_finder_Claudia */ = {
			isa = PBXNativeTarget;
			buildConfigurationList = 189F07E022C26E3500ADD3B6 /* Build configuration list for PBXNativeTarget "view_finder_Claudia" */;
			buildPhases = (
				189F07C722C26E3400ADD3B6 /* Sources */,
				189F07C822C26E3400ADD3B6 /* Frameworks */,
				189F07C922C26E3400ADD3B6 /* Resources */,
			);
			buildRules = (
			);
			dependencies = (
			);
			name = view_finder_Claudia;
			productName = view_finder_Claudia;
			productReference = 189F07CB22C26E3400ADD3B6 /* view_finder_Claudia.app */;
			productType = "com.apple.product-type.application";
		};
/* End PBXNativeTarget section */

/* Begin PBXProject section */
		189F07C322C26E3400ADD3B6 /* Project object */ = {
			isa = PBXProject;
			attributes = {
				LastSwiftUpdateCheck = 1020;
				LastUpgradeCheck = 1020;
				ORGANIZATIONNAME = Apple;
				TargetAttributes = {
					189F07CA22C26E3400ADD3B6 = {
						CreatedOnToolsVersion = 10.2.1;
					};
				};
			};
			buildConfigurationList = 189F07C622C26E3400ADD3B6 /* Build configuration list for PBXProject "view_finder_Claudia" */;
			compatibilityVersion = "Xcode 9.3";
			developmentRegion = en;
			hasScannedForEncodings = 0;
			knownRegions = (
				en,
				Base,
			);
			mainGroup = 189F07C222C26E3400ADD3B6;
			productRefGroup = 189F07CC22C26E3400ADD3B6 /* Products */;
			projectDirPath = "";
			projectRoot = "";
			targets = (
				189F07CA22C26E3400ADD3B6 /* view_finder_Claudia */,
			);
		};
/* End PBXProject section */

/* Begin PBXResourcesBuildPhase section */
		189F07C922C26E3400ADD3B6 /* Resources */ = {
			isa = PBXResourcesBuildPhase;
			buildActionMask = 2147483647;
			files = (
				189F07DC22C26E3500ADD3B6 /* LaunchScreen.storyboard in Resources */,
				189F07D922C26E3500ADD3B6 /* Assets.xcassets in Resources */,
				189F07D422C26E3400ADD3B6 /* Main.storyboard in Resources */,
			);
			runOnlyForDeploymentPostprocessing = 0;
		};
/* End PBXResourcesBuildPhase section */

/* Begin PBXSourcesBuildPhase section */
		189F07C722C26E3400ADD3B6 /* Sources */ = {
			isa = PBXSourcesBuildPhase;
			buildActionMask = 2147483647;
			files = (
				189F07D122C26E3400ADD3B6 /* ViewController.swift in Sources */,
				189F07CF22C26E3400ADD3B6 /* AppDelegate.swift in Sources */,
				189F07D722C26E3400ADD3B6 /* view_finder_Claudia.xcdatamodeld in Sources */,
			);
			runOnlyForDeploymentPostprocessing = 0;
		};
/* End PBXSourcesBuildPhase section */

/* Begin PBXVariantGroup section */
		189F07D222C26E3400ADD3B6 /* Main.storyboard */ = {
			isa = PBXVariantGroup;
			children = (
				189F07D322C26E3400ADD3B6 /* Base */,
			);
			name = Main.storyboard;
			sourceTree = "<group>";
		};
		189F07DA22C26E3500ADD3B6 /* LaunchScreen.storyboard */ = {
			isa = PBXVariantGroup;
			children = (
				189F07DB22C26E3500ADD3B6 /* Base */,
			);
			name = LaunchScreen.storyboard;
			sourceTree = "<group>";
		};
/* End PBXVariantGroup section */

/* Begin XCBuildConfiguration section */
		189F07DE22C26E3500ADD3B6 /* Debug */ = {
			isa = XCBuildConfiguration;
			buildSettings = {
				ALWAYS_SEARCH_USER_PATHS = NO;
				CLANG_ANALYZER_NONNULL = YES;
				CLANG_ANALYZER_NUMBER_OBJECT_CONVERSION = YES_AGGRESSIVE;
				CLANG_CXX_LANGUAGE_STANDARD = "gnu++14";
				CLANG_CXX_LIBRARY = "libc++";
				CLANG_ENABLE_MODULES = YES;
				CLANG_ENABLE_OBJC_ARC = YES;
				CLANG_ENABLE_OBJC_WEAK = YES;
				CLANG_WARN_BLOCK_CAPTURE_AUTORELEASING = YES;
				CLANG_WARN_BOOL_CONVERSION = YES;
				CLANG_WARN_COMMA = YES;
				CLANG_WARN_CONSTANT_CONVERSION = YES;
				CLANG_WARN_DEPRECATED_OBJC_IMPLEMENTATIONS = YES;
				CLANG_WARN_DIRECT_OBJC_ISA_USAGE = YES_ERROR;
				CLANG_WARN_DOCUMENTATION_COMMENTS = YES;
				CLANG_WARN_EMPTY_BODY = YES;
				CLANG_WARN_ENUM_CONVERSION = YES;
				CLANG_WARN_INFINITE_RECURSION = YES;
				CLANG_WARN_INT_CONVERSION = YES;
				CLANG_WARN_NON_LITERAL_NULL_CONVERSION = YES;
				CLANG_WARN_OBJC_IMPLICIT_RETAIN_SELF = YES;
				CLANG_WARN_OBJC_LITERAL_CONVERSION = YES;
				CLANG_WARN_OBJC_ROOT_CLASS = YES_ERROR;
				CLANG_WARN_RANGE_LOOP_ANALYSIS = YES;
				CLANG_WARN_STRICT_PROTOTYPES = YES;
				CLANG_WARN_SUSPICIOUS_MOVE = YES;
				CLANG_WARN_UNGUARDED_AVAILABILITY = YES_AGGRESSIVE;
				CLANG_WARN_UNREACHABLE_CODE = YES;
				CLANG_WARN__DUPLICATE_METHOD_MATCH = YES;
				CODE_SIGN_IDENTITY = "iPhone Developer";
				COPY_PHASE_STRIP = NO;
				DEBUG_INFORMATION_FORMAT = dwarf;
				ENABLE_STRICT_OBJC_MSGSEND = YES;
				ENABLE_TESTABILITY = YES;
				GCC_C_LANGUAGE_STANDARD = gnu11;
				GCC_DYNAMIC_NO_PIC = NO;
				GCC_NO_COMMON_BLOCKS = YES;
				GCC_OPTIMIZATION_LEVEL = 0;
				GCC_PREPROCESSOR_DEFINITIONS = (
					"DEBUG=1",
					"$(inherited)",
				);
				GCC_WARN_64_TO_32_BIT_CONVERSION = YES;
				GCC_WARN_ABOUT_RETURN_TYPE = YES_ERROR;
				GCC_WARN_UNDECLARED_SELECTOR = YES;
				GCC_WARN_UNINITIALIZED_AUTOS = YES_AGGRESSIVE;
				GCC_WARN_UNUSED_FUNCTION = YES;
				GCC_WARN_UNUSED_VARIABLE = YES;
				IPHONEOS_DEPLOYMENT_TARGET = 12.2;
				MTL_ENABLE_DEBUG_INFO = INCLUDE_SOURCE;
				MTL_FAST_MATH = YES;
				ONLY_ACTIVE_ARCH = YES;
				SDKROOT = iphoneos;
				SWIFT_ACTIVE_COMPILATION_CONDITIONS = DEBUG;
				SWIFT_OPTIMIZATION_LEVEL = "-Onone";
			};
			name = Debug;
		};
		189F07DF22C26E3500ADD3B6 /* Release */ = {
			isa = XCBuildConfiguration;
			buildSettings = {
				ALWAYS_SEARCH_USER_PATHS = NO;
				CLANG_ANALYZER_NONNULL = YES;
				CLANG_ANALYZER_NUMBER_OBJECT_CONVERSION = YES_AGGRESSIVE;
				CLANG_CXX_LANGUAGE_STANDARD = "gnu++14";
				CLANG_CXX_LIBRARY = "libc++";
				CLANG_ENABLE_MODULES = YES;
				CLANG_ENABLE_OBJC_ARC = YES;
				CLANG_ENABLE_OBJC_WEAK = YES;
				CLANG_WARN_BLOCK_CAPTURE_AUTORELEASING = YES;
				CLANG_WARN_BOOL_CONVERSION = YES;
				CLANG_WARN_COMMA = YES;
				CLANG_WARN_CONSTANT_CONVERSION = YES;
				CLANG_WARN_DEPRECATED_OBJC_IMPLEMENTATIONS = YES;
				CLANG_WARN_DIRECT_OBJC_ISA_USAGE = YES_ERROR;
				CLANG_WARN_DOCUMENTATION_COMMENTS = YES;
				CLANG_WARN_EMPTY_BODY = YES;
				CLANG_WARN_ENUM_CONVERSION = YES;
				CLANG_WARN_INFINITE_RECURSION = YES;
				CLANG_WARN_INT_CONVERSION = YES;
				CLANG_WARN_NON_LITERAL_NULL_CONVERSION = YES;
				CLANG_WARN_OBJC_IMPLICIT_RETAIN_SELF = YES;
				CLANG_WARN_OBJC_LITERAL_CONVERSION = YES;
				CLANG_WARN_OBJC_ROOT_CLASS = YES_ERROR;
				CLANG_WARN_RANGE_LOOP_ANALYSIS = YES;
				CLANG_WARN_STRICT_PROTOTYPES = YES;
				CLANG_WARN_SUSPICIOUS_MOVE = YES;
				CLANG_WARN_UNGUARDED_AVAILABILITY = YES_AGGRESSIVE;
				CLANG_WARN_UNREACHABLE_CODE = YES;
				CLANG_WARN__DUPLICATE_METHOD_MATCH = YES;
				CODE_SIGN_IDENTITY = "iPhone Developer";
				COPY_PHASE_STRIP = NO;
				DEBUG_INFORMATION_FORMAT = "dwarf-with-dsym";
				ENABLE_NS_ASSERTIONS = NO;
				ENABLE_STRICT_OBJC_MSGSEND = YES;
				GCC_C_LANGUAGE_STANDARD = gnu11;
				GCC_NO_COMMON_BLOCKS = YES;
				GCC_WARN_64_TO_32_BIT_CONVERSION = YES;
				GCC_WARN_ABOUT_RETURN_TYPE = YES_ERROR;
				GCC_WARN_UNDECLARED_SELECTOR = YES;
				GCC_WARN_UNINITIALIZED_AUTOS = YES_AGGRESSIVE;
				GCC_WARN_UNUSED_FUNCTION = YES;
				GCC_WARN_UNUSED_VARIABLE = YES;
				IPHONEOS_DEPLOYMENT_TARGET = 12.2;
				MTL_ENABLE_DEBUG_INFO = NO;
				MTL_FAST_MATH = YES;
				SDKROOT = iphoneos;
				SWIFT_COMPILATION_MODE = wholemodule;
				SWIFT_OPTIMIZATION_LEVEL = "-O";
				VALIDATE_PRODUCT = YES;
			};
			name = Release;
		};
		189F07E122C26E3500ADD3B6 /* Debug */ = {
			isa = XCBuildConfiguration;
			buildSettings = {
				ASSETCATALOG_COMPILER_APPICON_NAME = AppIcon;
				CODE_SIGN_STYLE = Automatic;
				DEVELOPMENT_TEAM = ZDBD9D766T;
				INFOPLIST_FILE = view_finder_Claudia/Info.plist;
				LD_RUNPATH_SEARCH_PATHS = (
					"$(inherited)",
					"@executable_path/Frameworks",
				);
				PRODUCT_BUNDLE_IDENTIFIER = "KWK.view-finder-Claudia";
				PRODUCT_NAME = "$(TARGET_NAME)";
				SWIFT_VERSION = 5.0;
				TARGETED_DEVICE_FAMILY = "1,2";
			};
			name = Debug;
		};
		189F07E222C26E3500ADD3B6 /* Release */ = {
			isa = XCBuildConfiguration;
			buildSettings = {
				ASSETCATALOG_COMPILER_APPICON_NAME = AppIcon;
				CODE_SIGN_STYLE = Automatic;
				DEVELOPMENT_TEAM = ZDBD9D766T;
				INFOPLIST_FILE = view_finder_Claudia/Info.plist;
				LD_RUNPATH_SEARCH_PATHS = (
					"$(inherited)",
					"@executable_path/Frameworks",
				);
				PRODUCT_BUNDLE_IDENTIFIER = "KWK.view-finder-Claudia";
				PRODUCT_NAME = "$(TARGET_NAME)";
				SWIFT_VERSION = 5.0;
				TARGETED_DEVICE_FAMILY = "1,2";
			};
			name = Release;
		};
/* End XCBuildConfiguration section */

/* Begin XCConfigurationList section */
		189F07C622C26E3400ADD3B6 /* Build configuration list for PBXProject "view_finder_Claudia" */ = {
			isa = XCConfigurationList;
			buildConfigurations = (
				189F07DE22C26E3500ADD3B6 /* Debug */,
				189F07DF22C26E3500ADD3B6 /* Release */,
			);
			defaultConfigurationIsVisible = 0;
			defaultConfigurationName = Release;
		};
		189F07E022C26E3500ADD3B6 /* Build configuration list for PBXNativeTarget "view_finder_Claudia" */ = {
			isa = XCConfigurationList;
			buildConfigurations = (
				189F07E122C26E3500ADD3B6 /* Debug */,
				189F07E222C26E3500ADD3B6 /* Release */,
			);
			defaultConfigurationIsVisible = 0;
			defaultConfigurationName = Release;
		};
/* End XCConfigurationList section */

/* Begin XCVersionGroup section */
		189F07D522C26E3400ADD3B6 /* view_finder_Claudia.xcdatamodeld */ = {
			isa = XCVersionGroup;
			children = (
				189F07D622C26E3400ADD3B6 /* view_finder_Claudia.xcdatamodel */,
			);
			currentVersion = 189F07D622C26E3400ADD3B6 /* view_finder_Claudia.xcdatamodel */;
			path = view_finder_Claudia.xcdatamodeld;
			sourceTree = "<group>";
			versionGroupType = wrapper.xcdatamodel;
		};
/* End XCVersionGroup section */
	};
	rootObject = 189F07C322C26E3400ADD3B6 /* Project object */;
}
